// !$*UTF8*$!
{
	archiveVersion = 1;
	classes = {
	};
	objectVersion = 46;
	objects = {

/* Begin PBXBuildFile section */
		1D9613F7899BA181778E1DE7 /* Pods.framework in Frameworks */ = {isa = PBXBuildFile; fileRef = 0BBA148924211AF410536B40 /* Pods.framework */; };
		3A4979161C2934F3007219C4 /* AppDelegate.swift in Sources */ = {isa = PBXBuildFile; fileRef = 3A4979151C2934F3007219C4 /* AppDelegate.swift */; };
		3A4979181C2934F3007219C4 /* ViewController.swift in Sources */ = {isa = PBXBuildFile; fileRef = 3A4979171C2934F3007219C4 /* ViewController.swift */; };
		3A49791B1C2934F3007219C4 /* Main.storyboard in Resources */ = {isa = PBXBuildFile; fileRef = 3A4979191C2934F3007219C4 /* Main.storyboard */; };
		3A49791D1C2934F3007219C4 /* Assets.xcassets in Resources */ = {isa = PBXBuildFile; fileRef = 3A49791C1C2934F3007219C4 /* Assets.xcassets */; };
		3A4979201C2934F3007219C4 /* LaunchScreen.storyboard in Resources */ = {isa = PBXBuildFile; fileRef = 3A49791E1C2934F3007219C4 /* LaunchScreen.storyboard */; };
		3A4979291C293826007219C4 /* CFNetwork.framework in Frameworks */ = {isa = PBXBuildFile; fileRef = 3A4979281C293826007219C4 /* CFNetwork.framework */; };
		3A49792B1C29382D007219C4 /* Security.framework in Frameworks */ = {isa = PBXBuildFile; fileRef = 3A49792A1C29382D007219C4 /* Security.framework */; };
		3A4979311C29486D007219C4 /* SystemConfiguration.framework in Frameworks */ = {isa = PBXBuildFile; fileRef = 3A4979301C29486D007219C4 /* SystemConfiguration.framework */; };
		3A4979341C294B26007219C4 /* ConnectWifi.m in Sources */ = {isa = PBXBuildFile; fileRef = 3A4979331C294B26007219C4 /* ConnectWifi.m */; };
		3A66399A1C2BD60D00E2BC82 /* ConnectManager.swift in Sources */ = {isa = PBXBuildFile; fileRef = 3A6639991C2BD60D00E2BC82 /* ConnectManager.swift */; };
/* End PBXBuildFile section */

/* Begin PBXFileReference section */
		05C55DBC4F7522FADEAD5632 /* Pods.release.xcconfig */ = {isa = PBXFileReference; includeInIndex = 1; lastKnownFileType = text.xcconfig; name = Pods.release.xcconfig; path = "Pods/Target Support Files/Pods/Pods.release.xcconfig"; sourceTree = "<group>"; };
		0BBA148924211AF410536B40 /* Pods.framework */ = {isa = PBXFileReference; explicitFileType = wrapper.framework; includeInIndex = 0; path = Pods.framework; sourceTree = BUILT_PRODUCTS_DIR; };
		3A4979121C2934F3007219C4 /* SocketDemo.app */ = {isa = PBXFileReference; explicitFileType = wrapper.application; includeInIndex = 0; path = SocketDemo.app; sourceTree = BUILT_PRODUCTS_DIR; };
		3A4979151C2934F3007219C4 /* AppDelegate.swift */ = {isa = PBXFileReference; lastKnownFileType = sourcecode.swift; path = AppDelegate.swift; sourceTree = "<group>"; };
		3A4979171C2934F3007219C4 /* ViewController.swift */ = {isa = PBXFileReference; lastKnownFileType = sourcecode.swift; path = ViewController.swift; sourceTree = "<group>"; };
		3A49791A1C2934F3007219C4 /* Base */ = {isa = PBXFileReference; lastKnownFileType = file.storyboard; name = Base; path = Base.lproj/Main.storyboard; sourceTree = "<group>"; };
		3A49791C1C2934F3007219C4 /* Assets.xcassets */ = {isa = PBXFileReference; lastKnownFileType = folder.assetcatalog; path = Assets.xcassets; sourceTree = "<group>"; };
		3A49791F1C2934F3007219C4 /* Base */ = {isa = PBXFileReference; lastKnownFileType = file.storyboard; name = Base; path = Base.lproj/LaunchScreen.storyboard; sourceTree = "<group>"; };
		3A4979211C2934F3007219C4 /* Info.plist */ = {isa = PBXFileReference; lastKnownFileType = text.plist.xml; path = Info.plist; sourceTree = "<group>"; };
		3A4979271C2936FE007219C4 /* Socket-Bridge-Header.h */ = {isa = PBXFileReference; fileEncoding = 4; lastKnownFileType = sourcecode.c.h; path = "Socket-Bridge-Header.h"; sourceTree = "<group>"; };
		3A4979281C293826007219C4 /* CFNetwork.framework */ = {isa = PBXFileReference; lastKnownFileType = wrapper.framework; name = CFNetwork.framework; path = System/Library/Frameworks/CFNetwork.framework; sourceTree = SDKROOT; };
		3A49792A1C29382D007219C4 /* Security.framework */ = {isa = PBXFileReference; lastKnownFileType = wrapper.framework; name = Security.framework; path = System/Library/Frameworks/Security.framework; sourceTree = SDKROOT; };
		3A49792C1C293836007219C4 /* CocoaAsyncSocket.framework */ = {isa = PBXFileReference; lastKnownFileType = wrapper.framework; name = CocoaAsyncSocket.framework; path = "Pods/../build/Debug-iphoneos/CocoaAsyncSocket.framework"; sourceTree = "<group>"; };
		3A4979301C29486D007219C4 /* SystemConfiguration.framework */ = {isa = PBXFileReference; lastKnownFileType = wrapper.framework; name = SystemConfiguration.framework; path = System/Library/Frameworks/SystemConfiguration.framework; sourceTree = SDKROOT; };
		3A4979321C294B26007219C4 /* ConnectWifi.h */ = {isa = PBXFileReference; fileEncoding = 4; lastKnownFileType = sourcecode.c.h; path = ConnectWifi.h; sourceTree = "<group>"; };
		3A4979331C294B26007219C4 /* ConnectWifi.m */ = {isa = PBXFileReference; fileEncoding = 4; lastKnownFileType = sourcecode.c.objc; path = ConnectWifi.m; sourceTree = "<group>"; };
		3A6639991C2BD60D00E2BC82 /* ConnectManager.swift */ = {isa = PBXFileReference; fileEncoding = 4; lastKnownFileType = sourcecode.swift; path = ConnectManager.swift; sourceTree = "<group>"; };
		A77A56F78B7B5A6AA6C4B21B /* Pods.debug.xcconfig */ = {isa = PBXFileReference; includeInIndex = 1; lastKnownFileType = text.xcconfig; name = Pods.debug.xcconfig; path = "Pods/Target Support Files/Pods/Pods.debug.xcconfig"; sourceTree = "<group>"; };
/* End PBXFileReference section */

/* Begin PBXFrameworksBuildPhase section */
		3A49790F1C2934F3007219C4 /* Frameworks */ = {
			isa = PBXFrameworksBuildPhase;
			buildActionMask = 2147483647;
			files = (
				3A4979311C29486D007219C4 /* SystemConfiguration.framework in Frameworks */,
				3A49792B1C29382D007219C4 /* Security.framework in Frameworks */,
				3A4979291C293826007219C4 /* CFNetwork.framework in Frameworks */,
				1D9613F7899BA181778E1DE7 /* Pods.framework in Frameworks */,
			);
			runOnlyForDeploymentPostprocessing = 0;
		};
/* End PBXFrameworksBuildPhase section */

/* Begin PBXGroup section */
		183008DE1C644610AEC46A65 /* Pods */ = {
			isa = PBXGroup;
			children = (
				A77A56F78B7B5A6AA6C4B21B /* Pods.debug.xcconfig */,
				05C55DBC4F7522FADEAD5632 /* Pods.release.xcconfig */,
			);
			name = Pods;
			sourceTree = "<group>";
		};
		3A4979091C2934F3007219C4 = {
			isa = PBXGroup;
			children = (
				3A4979141C2934F3007219C4 /* SocketDemo */,
				3A4979131C2934F3007219C4 /* Products */,
				183008DE1C644610AEC46A65 /* Pods */,
				493E21108A6E8057AE9248FE /* Frameworks */,
			);
			sourceTree = "<group>";
		};
		3A4979131C2934F3007219C4 /* Products */ = {
			isa = PBXGroup;
			children = (
				3A4979121C2934F3007219C4 /* SocketDemo.app */,
			);
			name = Products;
			sourceTree = "<group>";
		};
		3A4979141C2934F3007219C4 /* SocketDemo */ = {
			isa = PBXGroup;
			children = (
				3A4979151C2934F3007219C4 /* AppDelegate.swift */,
				3A4979171C2934F3007219C4 /* ViewController.swift */,
				3A4979191C2934F3007219C4 /* Main.storyboard */,
				3A49791C1C2934F3007219C4 /* Assets.xcassets */,
				3A49791E1C2934F3007219C4 /* LaunchScreen.storyboard */,
				3A4979211C2934F3007219C4 /* Info.plist */,
				3A4979271C2936FE007219C4 /* Socket-Bridge-Header.h */,
				3A4979321C294B26007219C4 /* ConnectWifi.h */,
				3A4979331C294B26007219C4 /* ConnectWifi.m */,
				3A6639991C2BD60D00E2BC82 /* ConnectManager.swift */,
			);
			path = SocketDemo;
			sourceTree = "<group>";
		};
		493E21108A6E8057AE9248FE /* Frameworks */ = {
			isa = PBXGroup;
			children = (
				3A4979301C29486D007219C4 /* SystemConfiguration.framework */,
				3A49792C1C293836007219C4 /* CocoaAsyncSocket.framework */,
				3A49792A1C29382D007219C4 /* Security.framework */,
				3A4979281C293826007219C4 /* CFNetwork.framework */,
				0BBA148924211AF410536B40 /* Pods.framework */,
			);
			name = Frameworks;
			sourceTree = "<group>";
		};
/* End PBXGroup section */

/* Begin PBXNativeTarget section */
		3A4979111C2934F3007219C4 /* SocketDemo */ = {
			isa = PBXNativeTarget;
			buildConfigurationList = 3A4979241C2934F3007219C4 /* Build configuration list for PBXNativeTarget "SocketDemo" */;
			buildPhases = (
				4FDD18AFE76D695BAC26EC5B /* Check Pods Manifest.lock */,
				3A49790E1C2934F3007219C4 /* Sources */,
				3A49790F1C2934F3007219C4 /* Frameworks */,
				3A4979101C2934F3007219C4 /* Resources */,
				E45472BB2174FBE46180B841 /* Embed Pods Frameworks */,
				6DDA7898CD3D06764008436E /* Copy Pods Resources */,
			);
			buildRules = (
			);
			dependencies = (
			);
			name = SocketDemo;
			productName = SocketDemo;
			productReference = 3A4979121C2934F3007219C4 /* SocketDemo.app */;
			productType = "com.apple.product-type.application";
		};
/* End PBXNativeTarget section */

/* Begin PBXProject section */
		3A49790A1C2934F3007219C4 /* Project object */ = {
			isa = PBXProject;
			attributes = {
				LastSwiftUpdateCheck = 0720;
				LastUpgradeCheck = 0720;
				ORGANIZATIONNAME = dulingkang;
				TargetAttributes = {
					3A4979111C2934F3007219C4 = {
						CreatedOnToolsVersion = 7.2;
					};
				};
			};
			buildConfigurationList = 3A49790D1C2934F3007219C4 /* Build configuration list for PBXProject "SocketDemo" */;
			compatibilityVersion = "Xcode 3.2";
			developmentRegion = English;
			hasScannedForEncodings = 0;
			knownRegions = (
				en,
				Base,
			);
			mainGroup = 3A4979091C2934F3007219C4;
			productRefGroup = 3A4979131C2934F3007219C4 /* Products */;
			projectDirPath = "";
			projectRoot = "";
			targets = (
				3A4979111C2934F3007219C4 /* SocketDemo */,
			);
		};
/* End PBXProject section */

/* Begin PBXResourcesBuildPhase section */
		3A4979101C2934F3007219C4 /* Resources */ = {
			isa = PBXResourcesBuildPhase;
			buildActionMask = 2147483647;
			files = (
				3A4979201C2934F3007219C4 /* LaunchScreen.storyboard in Resources */,
				3A49791D1C2934F3007219C4 /* Assets.xcassets in Resources */,
				3A49791B1C2934F3007219C4 /* Main.storyboard in Resources */,
			);
			runOnlyForDeploymentPostprocessing = 0;
		};
/* End PBXResourcesBuildPhase section */

/* Begin PBXShellScriptBuildPhase section */
		4FDD18AFE76D695BAC26EC5B /* Check Pods Manifest.lock */ = {
			isa = PBXShellScriptBuildPhase;
			buildActionMask = 2147483647;
			files = (
			);
			inputPaths = (
			);
			name = "Check Pods Manifest.lock";
			outputPaths = (
			);
			runOnlyForDeploymentPostprocessing = 0;
			shellPath = /bin/sh;
			shellScript = "diff \"${PODS_ROOT}/../Podfile.lock\" \"${PODS_ROOT}/Manifest.lock\" > /dev/null\nif [[ $? != 0 ]] ; then\n    cat << EOM\nerror: The sandbox is not in sync with the Podfile.lock. Run 'pod install' or update your CocoaPods installation.\nEOM\n    exit 1\nfi\n";
			showEnvVarsInLog = 0;
		};
		6DDA7898CD3D06764008436E /* Copy Pods Resources */ = {
			isa = PBXShellScriptBuildPhase;
			buildActionMask = 2147483647;
			files = (
			);
			inputPaths = (
			);
			name = "Copy Pods Resources";
			outputPaths = (
			);
			runOnlyForDeploymentPostprocessing = 0;
			shellPath = /bin/sh;
			shellScript = "\"${SRCROOT}/Pods/Target Support Files/Pods/Pods-resources.sh\"\n";
			showEnvVarsInLog = 0;
		};
		E45472BB2174FBE46180B841 /* Embed Pods Frameworks */ = {
			isa = PBXShellScriptBuildPhase;
			buildActionMask = 2147483647;
			files = (
			);
			inputPaths = (
			);
			name = "Embed Pods Frameworks";
			outputPaths = (
			);
			runOnlyForDeploymentPostprocessing = 0;
			shellPath = /bin/sh;
			shellScript = "\"${SRCROOT}/Pods/Target Support Files/Pods/Pods-frameworks.sh\"\n";
			showEnvVarsInLog = 0;
		};
/* End PBXShellScriptBuildPhase section */

/* Begin PBXSourcesBuildPhase section */
		3A49790E1C2934F3007219C4 /* Sources */ = {
			isa = PBXSourcesBuildPhase;
			buildActionMask = 2147483647;
			files = (
				3A66399A1C2BD60D00E2BC82 /* ConnectManager.swift in Sources */,
				3A4979181C2934F3007219C4 /* ViewController.swift in Sources */,
				3A4979341C294B26007219C4 /* ConnectWifi.m in Sources */,
				3A4979161C2934F3007219C4 /* AppDelegate.swift in Sources */,
			);
			runOnlyForDeploymentPostprocessing = 0;
		};
/* End PBXSourcesBuildPhase section */

/* Begin PBXVariantGroup section */
		3A4979191C2934F3007219C4 /* Main.storyboard */ = {
			isa = PBXVariantGroup;
			children = (
				3A49791A1C2934F3007219C4 /* Base */,
			);
			name = Main.storyboard;
			sourceTree = "<group>";
		};
		3A49791E1C2934F3007219C4 /* LaunchScreen.storyboard */ = {
			isa = PBXVariantGroup;
			children = (
				3A49791F1C2934F3007219C4 /* Base */,
			);
			name = LaunchScreen.storyboard;
			sourceTree = "<group>";
		};
/* End PBXVariantGroup section */

/* Begin XCBuildConfiguration section */
		3A4979221C2934F3007219C4 /* Debug */ = {
			isa = XCBuildConfiguration;
			buildSettings = {
				ALWAYS_SEARCH_USER_PATHS = NO;
				CLANG_CXX_LANGUAGE_STANDARD = "gnu++0x";
				CLANG_CXX_LIBRARY = "libc++";
				CLANG_ENABLE_MODULES = YES;
				CLANG_ENABLE_OBJC_ARC = YES;
				CLANG_WARN_BOOL_CONVERSION = YES;
				CLANG_WARN_CONSTANT_CONVERSION = YES;
				CLANG_WARN_DIRECT_OBJC_ISA_USAGE = YES_ERROR;
				CLANG_WARN_EMPTY_BODY = YES;
				CLANG_WARN_ENUM_CONVERSION = YES;
				CLANG_WARN_INT_CONVERSION = YES;
				CLANG_WARN_OBJC_ROOT_CLASS = YES_ERROR;
				CLANG_WARN_UNREACHABLE_CODE = YES;
				CLANG_WARN__DUPLICATE_METHOD_MATCH = YES;
				"CODE_SIGN_IDENTITY[sdk=iphoneos*]" = "iPhone Developer";
				COPY_PHASE_STRIP = NO;
				DEBUG_INFORMATION_FORMAT = dwarf;
				ENABLE_STRICT_OBJC_MSGSEND = YES;
				ENABLE_TESTABILITY = YES;
				GCC_C_LANGUAGE_STANDARD = gnu99;
				GCC_DYNAMIC_NO_PIC = NO;
				GCC_NO_COMMON_BLOCKS = YES;
				GCC_OPTIMIZATION_LEVEL = 0;
				GCC_PREPROCESSOR_DEFINITIONS = (
					"DEBUG=1",
					"$(inherited)",
				);
				GCC_WARN_64_TO_32_BIT_CONVERSION = YES;
				GCC_WARN_ABOUT_RETURN_TYPE = YES_ERROR;
				GCC_WARN_UNDECLARED_SELECTOR = YES;
				GCC_WARN_UNINITIALIZED_AUTOS = YES_AGGRESSIVE;
				GCC_WARN_UNUSED_FUNCTION = YES;
				GCC_WARN_UNUSED_VARIABLE = YES;
				IPHONEOS_DEPLOYMENT_TARGET = 9.2;
				MTL_ENABLE_DEBUG_INFO = YES;
				ONLY_ACTIVE_ARCH = YES;
				SDKROOT = iphoneos;
				SWIFT_OPTIMIZATION_LEVEL = "-Onone";
			};
			name = Debug;
		};
		3A4979231C2934F3007219C4 /* Release */ = {
			isa = XCBuildConfiguration;
			buildSettings = {
				ALWAYS_SEARCH_USER_PATHS = NO;
				CLANG_CXX_LANGUAGE_STANDARD = "gnu++0x";
				CLANG_CXX_LIBRARY = "libc++";
				CLANG_ENABLE_MODULES = YES;
				CLANG_ENABLE_OBJC_ARC = YES;
				CLANG_WARN_BOOL_CONVERSION = YES;
				CLANG_WARN_CONSTANT_CONVERSION = YES;
				CLANG_WARN_DIRECT_OBJC_ISA_USAGE = YES_ERROR;
				CLANG_WARN_EMPTY_BODY = YES;
				CLANG_WARN_ENUM_CONVERSION = YES;
				CLANG_WARN_INT_CONVERSION = YES;
				CLANG_WARN_OBJC_ROOT_CLASS = YES_ERROR;
				CLANG_WARN_UNREACHABLE_CODE = YES;
				CLANG_WARN__DUPLICATE_METHOD_MATCH = YES;
				"CODE_SIGN_IDENTITY[sdk=iphoneos*]" = "iPhone Developer";
				COPY_PHASE_STRIP = NO;
				DEBUG_INFORMATION_FORMAT = "dwarf-with-dsym";
				ENABLE_NS_ASSERTIONS = NO;
				ENABLE_STRICT_OBJC_MSGSEND = YES;
				GCC_C_LANGUAGE_STANDARD = gnu99;
				GCC_NO_COMMON_BLOCKS = YES;
				GCC_WARN_64_TO_32_BIT_CONVERSION = YES;
				GCC_WARN_ABOUT_RETURN_TYPE = YES_ERROR;
				GCC_WARN_UNDECLARED_SELECTOR = YES;
				GCC_WARN_UNINITIALIZED_AUTOS = YES_AGGRESSIVE;
				GCC_WARN_UNUSED_FUNCTION = YES;
				GCC_WARN_UNUSED_VARIABLE = YES;
				IPHONEOS_DEPLOYMENT_TARGET = 9.2;
				MTL_ENABLE_DEBUG_INFO = NO;
				SDKROOT = iphoneos;
				VALIDATE_PRODUCT = YES;
			};
			name = Release;
		};
		3A4979251C2934F3007219C4 /* Debug */ = {
			isa = XCBuildConfiguration;
			baseConfigurationReference = A77A56F78B7B5A6AA6C4B21B /* Pods.debug.xcconfig */;
			buildSettings = {
				ASSETCATALOG_COMPILER_APPICON_NAME = AppIcon;
				FRAMEWORK_SEARCH_PATHS = (
					"$(inherited)",
					"$(PROJECT_DIR)/build/Debug-iphoneos",
				);
				INFOPLIST_FILE = SocketDemo/Info.plist;
				IPHONEOS_DEPLOYMENT_TARGET = 8.0;
				LD_RUNPATH_SEARCH_PATHS = "$(inherited) @executable_path/Frameworks";
				PRODUCT_BUNDLE_IDENTIFIER = SH.SocketDemo;
				PRODUCT_NAME = "$(TARGET_NAME)";
				SWIFT_OBJC_BRIDGING_HEADER = "SocketDemo/Socket-Bridge-Header.h";
			};
			name = Debug;
		};
		3A4979261C2934F3007219C4 /* Release */ = {
			isa = XCBuildConfiguration;
			baseConfigurationReference = 05C55DBC4F7522FADEAD5632 /* Pods.release.xcconfig */;
			buildSettings = {
				ASSETCATALOG_COMPILER_APPICON_NAME = AppIcon;
				FRAMEWORK_SEARCH_PATHS = (
					"$(inherited)",
					"$(PROJECT_DIR)/build/Debug-iphoneos",
				);
				INFOPLIST_FILE = SocketDemo/Info.plist;
				IPHONEOS_DEPLOYMENT_TARGET = 8.0;
				LD_RUNPATH_SEARCH_PATHS = "$(inherited) @executable_path/Frameworks";
				PRODUCT_BUNDLE_IDENTIFIER = SH.SocketDemo;
				PRODUCT_NAME = "$(TARGET_NAME)";
				SWIFT_OBJC_BRIDGING_HEADER = "SocketDemo/Socket-Bridge-Header.h";
			};
			name = Release;
		};
/* End XCBuildConfiguration section */

/* Begin XCConfigurationList section */
		3A49790D1C2934F3007219C4 /* Build configuration list for PBXProject "SocketDemo" */ = {
			isa = XCConfigurationList;
			buildConfigurations = (
				3A4979221C2934F3007219C4 /* Debug */,
				3A4979231C2934F3007219C4 /* Release */,
			);
			defaultConfigurationIsVisible = 0;
			defaultConfigurationName = Release;
		};
		3A4979241C2934F3007219C4 /* Build configuration list for PBXNativeTarget "SocketDemo" */ = {
			isa = XCConfigurationList;
			buildConfigurations = (
				3A4979251C2934F3007219C4 /* Debug */,
				3A4979261C2934F3007219C4 /* Release */,
			);
			defaultConfigurationIsVisible = 0;
			defaultConfigurationName = Release;
		};
/* End XCConfigurationList section */
	};
	rootObject = 3A49790A1C2934F3007219C4 /* Project object */;
}
